<?xml version="1.0" encoding="utf-8"?>
<Project ToolsVersion="4.0" xmlns="http://schemas.microsoft.com/developer/msbuild/2003">
  <ItemGroup>
    <ClCompile Include="src\main.cpp" />
    <ClCompile Include="src\game\game.cpp">
      <Filter>Game</Filter>
    </ClCompile>
    <ClCompile Include="src\screens\gameplay_screen.cpp">
      <Filter>Screens</Filter>
    </ClCompile>
    <ClCompile Include="src\entities\player.cpp">
      <Filter>Entities</Filter>
    </ClCompile>
    <ClCompile Include="src\entities\obstacle.cpp">
      <Filter>Entities</Filter>
    </ClCompile>
    <ClCompile Include="src\utilities\math_utils.cpp">
      <Filter>Utilities</Filter>
    </ClCompile>
    <ClCompile Include="src\collision\collision_manager.cpp">
      <Filter>Collision</Filter>
    </ClCompile>
    <ClCompile Include="src\screens\main_menu_screen.cpp">
      <Filter>Screens</Filter>
    </ClCompile>
    <ClCompile Include="src\screens\credits_screen.cpp">
      <Filter>Screens</Filter>
    </ClCompile>
    <ClCompile Include="src\interface\button.cpp">
      <Filter>Interface</Filter>
    </ClCompile>
    <ClCompile Include="src\background\background_manager.cpp">
      <Filter>Background</Filter>
    </ClCompile>
    <ClCompile Include="game_constants.cpp">
      <Filter>Game</Filter>
    </ClCompile>
  </ItemGroup>
  <ItemGroup>
    <Filter Include="Game">
      <UniqueIdentifier>{e56be96c-e2be-46b2-9641-ac1f95cd8462}</UniqueIdentifier>
    </Filter>
    <Filter Include="Screens">
      <UniqueIdentifier>{b21eff09-054e-43d1-b17f-f20496967ffd}</UniqueIdentifier>
    </Filter>
    <Filter Include="Geometry">
      <UniqueIdentifier>{e32daf53-b6fc-414c-81e3-917c42e48b7c}</UniqueIdentifier>
    </Filter>
    <Filter Include="Entities">
      <UniqueIdentifier>{e9c9768d-7b02-420e-b778-3f4b77681851}</UniqueIdentifier>
    </Filter>
    <Filter Include="Utilities">
      <UniqueIdentifier>{72014684-7efd-4d35-9bcd-6b32e08f2f8a}</UniqueIdentifier>
    </Filter>
    <Filter Include="Collision">
      <UniqueIdentifier>{6d5f4c06-125a-498d-873e-c7c1584f5d59}</UniqueIdentifier>
    </Filter>
    <Filter Include="Interface">
      <UniqueIdentifier>{66c555c7-942a-48e1-858e-80ad2feec78c}</UniqueIdentifier>
    </Filter>
    <Filter Include="Background">
      <UniqueIdentifier>{dcd0b0c0-7ea6-4b01-8e25-c13fa9450303}</UniqueIdentifier>
    </Filter>
  </ItemGroup>
  <ItemGroup>
    <ClInclude Include="src\game\game.h">
      <Filter>Game</Filter>
    </ClInclude>
    <ClInclude Include="src\game\game_constants.h">
      <Filter>Game</Filter>
    </ClInclude>
    <ClInclude Include="src\screens\gameplay_screen.h">
      <Filter>Screens</Filter>
    </ClInclude>
    <ClInclude Include="src\geometry\rectangle.h">
      <Filter>Geometry</Filter>
    </ClInclude>
    <ClInclude Include="src\entities\player.h">
      <Filter>Entities</Filter>
    </ClInclude>
    <ClInclude Include="src\entities\obstacle.h">
      <Filter>Entities</Filter>
    </ClInclude>
    <ClInclude Include="src\utilities\math_utils.h">
      <Filter>Utilities</Filter>
    </ClInclude>
    <ClInclude Include="src\collision\collision_manager.h">
      <Filter>Collision</Filter>
    </ClInclude>
    <ClInclude Include="src\screens\main_menu_screen.h">
      <Filter>Screens</Filter>
    </ClInclude>
    <ClInclude Include="src\screens\credits_screen.h">
      <Filter>Screens</Filter>
    </ClInclude>
    <ClInclude Include="src\interface\button.h">
      <Filter>Interface</Filter>
    </ClInclude>
    <ClInclude Include="src\interface\ui_constants.h">
      <Filter>Interface</Filter>
    </ClInclude>
    <ClInclude Include="src\background\background_manager.h">
      <Filter>Background</Filter>
    </ClInclude>
  </ItemGroup>
</Project>